
Microsoft Visual Studio Solution File, Format Version 12.00
# Visual Studio Version 16
VisualStudioVersion = 16.0.31729.503
MinimumVisualStudioVersion = 10.0.40219.1
Project("{9A19103F-16F7-4668-BE54-9A1E7A4F7556}") = "MisTareas", "MisTareas\MisTareas\MisTareas.csproj", "{79005FBF-184D-4921-B916-96A8C65F3785}"
EndProject
Project("{FAE04EC0-301F-11D3-BF4B-00C04F79EFBC}") = "MisTareas.Android", "MisTareas\MisTareas.Android\MisTareas.Android.csproj", "{180AEB46-DC78-4FBE-B6E9-2EDFB33F349A}"
EndProject
Project("{FAE04EC0-301F-11D3-BF4B-00C04F79EFBC}") = "MisTareas.iOS", "MisTareas\MisTareas.iOS\MisTareas.iOS.csproj", "{C78CD9C6-631E-4FA9-B989-70D94598DF27}"
EndProject
Project("{FAE04EC0-301F-11D3-BF4B-00C04F79EFBC}") = "ProjectCommon", "ProjectCommon\ProjectCommon.csproj", "{C347CA09-083A-4BD7-911E-7C3CC9D778D2}"
EndProject
Global
	GlobalSection(SolutionConfigurationPlatforms) = preSolution
		Ad-Hoc|Any CPU = Ad-Hoc|Any CPU
		Ad-Hoc|iPhone = Ad-Hoc|iPhone
		Ad-Hoc|iPhoneSimulator = Ad-Hoc|iPhoneSimulator
		AppStore|Any CPU = AppStore|Any CPU
		AppStore|iPhone = AppStore|iPhone
		AppStore|iPhoneSimulator = AppStore|iPhoneSimulator
		Debug|Any CPU = Debug|Any CPU
		Debug|iPhone = Debug|iPhone
		Debug|iPhoneSimulator = Debug|iPhoneSimulator
		Release|Any CPU = Release|Any CPU
		Release|iPhone = Release|iPhone
		Release|iPhoneSimulator = Release|iPhoneSimulator
	EndGlobalSection
	GlobalSection(ProjectConfigurationPlatforms) = postSolution
		{79005FBF-184D-4921-B916-96A8C65F3785}.Ad-Hoc|Any CPU.ActiveCfg = Debug|Any CPU
		{79005FBF-184D-4921-B916-96A8C65F3785}.Ad-Hoc|Any CPU.Build.0 = Debug|Any CPU
		{79005FBF-184D-4921-B916-96A8C65F3785}.Ad-Hoc|iPhone.ActiveCfg = Debug|Any CPU
		{79005FBF-184D-4921-B916-96A8C65F3785}.Ad-Hoc|iPhone.Build.0 = Debug|Any CPU
		{79005FBF-184D-4921-B916-96A8C65F3785}.Ad-Hoc|iPhoneSimulator.ActiveCfg = Debug|Any CPU
		{79005FBF-184D-4921-B916-96A8C65F3785}.Ad-Hoc|iPhoneSimulator.Build.0 = Debug|Any CPU
		{79005FBF-184D-4921-B916-96A8C65F3785}.AppStore|Any CPU.ActiveCfg = Debug|Any CPU
		{79005FBF-184D-4921-B916-96A8C65F3785}.AppStore|Any CPU.Build.0 = Debug|Any CPU
		{79005FBF-184D-4921-B916-96A8C65F3785}.AppStore|iPhone.ActiveCfg = Debug|Any CPU
		{79005FBF-184D-4921-B916-96A8C65F3785}.AppStore|iPhone.Build.0 = Debug|Any CPU
		{79005FBF-184D-4921-B916-96A8C65F3785}.AppStore|iPhoneSimulator.ActiveCfg = Debug|Any CPU
		{79005FBF-184D-4921-B916-96A8C65F3785}.AppStore|iPhoneSimulator.Build.0 = Debug|Any CPU
		{79005FBF-184D-4921-B916-96A8C65F3785}.Debug|Any CPU.ActiveCfg = Debug|Any CPU
		{79005FBF-184D-4921-B916-96A8C65F3785}.Debug|Any CPU.Build.0 = Debug|Any CPU
		{79005FBF-184D-4921-B916-96A8C65F3785}.Debug|iPhone.ActiveCfg = Debug|Any CPU
		{79005FBF-184D-4921-B916-96A8C65F3785}.Debug|iPhone.Build.0 = Debug|Any CPU
		{79005FBF-184D-4921-B916-96A8C65F3785}.Debug|iPhoneSimulator.ActiveCfg = Debug|Any CPU
		{79005FBF-184D-4921-B916-96A8C65F3785}.Debug|iPhoneSimulator.Build.0 = Debug|Any CPU
		{79005FBF-184D-4921-B916-96A8C65F3785}.Release|Any CPU.ActiveCfg = Release|Any CPU
		{79005FBF-184D-4921-B916-96A8C65F3785}.Release|Any CPU.Build.0 = Release|Any CPU
		{79005FBF-184D-4921-B916-96A8C65F3785}.Release|iPhone.ActiveCfg = Release|Any CPU
		{79005FBF-184D-4921-B916-96A8C65F3785}.Release|iPhone.Build.0 = Release|Any CPU
		{79005FBF-184D-4921-B916-96A8C65F3785}.Release|iPhoneSimulator.ActiveCfg = Release|Any CPU
		{79005FBF-184D-4921-B916-96A8C65F3785}.Release|iPhoneSimulator.Build.0 = Release|Any CPU
		{180AEB46-DC78-4FBE-B6E9-2EDFB33F349A}.Ad-Hoc|Any CPU.ActiveCfg = Debug|Any CPU
		{180AEB46-DC78-4FBE-B6E9-2EDFB33F349A}.Ad-Hoc|Any CPU.Build.0 = Debug|Any CPU
		{180AEB46-DC78-4FBE-B6E9-2EDFB33F349A}.Ad-Hoc|Any CPU.Deploy.0 = Debug|Any CPU
		{180AEB46-DC78-4FBE-B6E9-2EDFB33F349A}.Ad-Hoc|iPhone.ActiveCfg = Debug|Any CPU
		{180AEB46-DC78-4FBE-B6E9-2EDFB33F349A}.Ad-Hoc|iPhone.Build.0 = Debug|Any CPU
		{180AEB46-DC78-4FBE-B6E9-2EDFB33F349A}.Ad-Hoc|iPhone.Deploy.0 = Debug|Any CPU
		{180AEB46-DC78-4FBE-B6E9-2EDFB33F349A}.Ad-Hoc|iPhoneSimulator.ActiveCfg = Debug|Any CPU
		{180AEB46-DC78-4FBE-B6E9-2EDFB33F349A}.Ad-Hoc|iPhoneSimulator.Build.0 = Debug|Any CPU
		{180AEB46-DC78-4FBE-B6E9-2EDFB33F349A}.Ad-Hoc|iPhoneSimulator.Deploy.0 = Debug|Any CPU
		{180AEB46-DC78-4FBE-B6E9-2EDFB33F349A}.AppStore|Any CPU.ActiveCfg = Debug|Any CPU
		{180AEB46-DC78-4FBE-B6E9-2EDFB33F349A}.AppStore|Any CPU.Build.0 = Debug|Any CPU
		{180AEB46-DC78-4FBE-B6E9-2EDFB33F349A}.AppStore|Any CPU.Deploy.0 = Debug|Any CPU
		{180AEB46-DC78-4FBE-B6E9-2EDFB33F349A}.AppStore|iPhone.ActiveCfg = Debug|Any CPU
		{180AEB46-DC78-4FBE-B6E9-2EDFB33F349A}.AppStore|iPhone.Build.0 = Debug|Any CPU
		{180AEB46-DC78-4FBE-B6E9-2EDFB33F349A}.AppStore|iPhone.Deploy.0 = Debug|Any CPU
		{180AEB46-DC78-4FBE-B6E9-2EDFB33F349A}.AppStore|iPhoneSimulator.ActiveCfg = Debug|Any CPU
		{180AEB46-DC78-4FBE-B6E9-2EDFB33F349A}.AppStore|iPhoneSimulator.Build.0 = Debug|Any CPU
		{180AEB46-DC78-4FBE-B6E9-2EDFB33F349A}.AppStore|iPhoneSimulator.Deploy.0 = Debug|Any CPU
		{180AEB46-DC78-4FBE-B6E9-2EDFB33F349A}.Debug|Any CPU.ActiveCfg = Debug|Any CPU
		{180AEB46-DC78-4FBE-B6E9-2EDFB33F349A}.Debug|Any CPU.Build.0 = Debug|Any CPU
		{180AEB46-DC78-4FBE-B6E9-2EDFB33F349A}.Debug|Any CPU.Deploy.0 = Debug|Any CPU
		{180AEB46-DC78-4FBE-B6E9-2EDFB33F349A}.Debug|iPhone.ActiveCfg = Debug|Any CPU
		{180AEB46-DC78-4FBE-B6E9-2EDFB33F349A}.Debug|iPhone.Build.0 = Debug|Any CPU
		{180AEB46-DC78-4FBE-B6E9-2EDFB33F349A}.Debug|iPhone.Deploy.0 = Debug|Any CPU
		{180AEB46-DC78-4FBE-B6E9-2EDFB33F349A}.Debug|iPhoneSimulator.ActiveCfg = Debug|Any CPU
		{180AEB46-DC78-4FBE-B6E9-2EDFB33F349A}.Debug|iPhoneSimulator.Build.0 = Debug|Any CPU
		{180AEB46-DC78-4FBE-B6E9-2EDFB33F349A}.Debug|iPhoneSimulator.Deploy.0 = Debug|Any CPU
		{180AEB46-DC78-4FBE-B6E9-2EDFB33F349A}.Release|Any CPU.ActiveCfg = Release|Any CPU
		{180AEB46-DC78-4FBE-B6E9-2EDFB33F349A}.Release|Any CPU.Build.0 = Release|Any CPU
		{180AEB46-DC78-4FBE-B6E9-2EDFB33F349A}.Release|Any CPU.Deploy.0 = Release|Any CPU
		{180AEB46-DC78-4FBE-B6E9-2EDFB33F349A}.Release|iPhone.ActiveCfg = Release|Any CPU
		{180AEB46-DC78-4FBE-B6E9-2EDFB33F349A}.Release|iPhone.Build.0 = Release|Any CPU
		{180AEB46-DC78-4FBE-B6E9-2EDFB33F349A}.Release|iPhone.Deploy.0 = Release|Any CPU
		{180AEB46-DC78-4FBE-B6E9-2EDFB33F349A}.Release|iPhoneSimulator.ActiveCfg = Release|Any CPU
		{180AEB46-DC78-4FBE-B6E9-2EDFB33F349A}.Release|iPhoneSimulator.Build.0 = Release|Any CPU
		{180AEB46-DC78-4FBE-B6E9-2EDFB33F349A}.Release|iPhoneSimulator.Deploy.0 = Release|Any CPU
		{C78CD9C6-631E-4FA9-B989-70D94598DF27}.Ad-Hoc|Any CPU.ActiveCfg = Ad-Hoc|iPhoneSimulator
		{C78CD9C6-631E-4FA9-B989-70D94598DF27}.Ad-Hoc|iPhone.ActiveCfg = Ad-Hoc|iPhone
		{C78CD9C6-631E-4FA9-B989-70D94598DF27}.Ad-Hoc|iPhone.Build.0 = Ad-Hoc|iPhone
		{C78CD9C6-631E-4FA9-B989-70D94598DF27}.Ad-Hoc|iPhoneSimulator.ActiveCfg = Ad-Hoc|iPhoneSimulator
		{C78CD9C6-631E-4FA9-B989-70D94598DF27}.Ad-Hoc|iPhoneSimulator.Build.0 = Ad-Hoc|iPhoneSimulator
		{C78CD9C6-631E-4FA9-B989-70D94598DF27}.AppStore|Any CPU.ActiveCfg = AppStore|iPhoneSimulator
		{C78CD9C6-631E-4FA9-B989-70D94598DF27}.AppStore|iPhone.ActiveCfg = AppStore|iPhone
		{C78CD9C6-631E-4FA9-B989-70D94598DF27}.AppStore|iPhone.Build.0 = AppStore|iPhone
		{C78CD9C6-631E-4FA9-B989-70D94598DF27}.AppStore|iPhoneSimulator.ActiveCfg = AppStore|iPhoneSimulator
		{C78CD9C6-631E-4FA9-B989-70D94598DF27}.AppStore|iPhoneSimulator.Build.0 = AppStore|iPhoneSimulator
		{C78CD9C6-631E-4FA9-B989-70D94598DF27}.Debug|Any CPU.ActiveCfg = Debug|iPhoneSimulator
		{C78CD9C6-631E-4FA9-B989-70D94598DF27}.Debug|iPhone.ActiveCfg = Debug|iPhone
		{C78CD9C6-631E-4FA9-B989-70D94598DF27}.Debug|iPhone.Build.0 = Debug|iPhone
		{C78CD9C6-631E-4FA9-B989-70D94598DF27}.Debug|iPhoneSimulator.ActiveCfg = Debug|iPhoneSimulator
		{C78CD9C6-631E-4FA9-B989-70D94598DF27}.Debug|iPhoneSimulator.Build.0 = Debug|iPhoneSimulator
		{C78CD9C6-631E-4FA9-B989-70D94598DF27}.Release|Any CPU.ActiveCfg = Release|iPhoneSimulator
		{C78CD9C6-631E-4FA9-B989-70D94598DF27}.Release|iPhone.ActiveCfg = Release|iPhone
		{C78CD9C6-631E-4FA9-B989-70D94598DF27}.Release|iPhone.Build.0 = Release|iPhone
		{C78CD9C6-631E-4FA9-B989-70D94598DF27}.Release|iPhoneSimulator.ActiveCfg = Release|iPhoneSimulator
		{C78CD9C6-631E-4FA9-B989-70D94598DF27}.Release|iPhoneSimulator.Build.0 = Release|iPhoneSimulator
		{C347CA09-083A-4BD7-911E-7C3CC9D778D2}.Ad-Hoc|Any CPU.ActiveCfg = Debug|Any CPU
		{C347CA09-083A-4BD7-911E-7C3CC9D778D2}.Ad-Hoc|Any CPU.Build.0 = Debug|Any CPU
		{C347CA09-083A-4BD7-911E-7C3CC9D778D2}.Ad-Hoc|iPhone.ActiveCfg = Debug|Any CPU
		{C347CA09-083A-4BD7-911E-7C3CC9D778D2}.Ad-Hoc|iPhone.Build.0 = Debug|Any CPU
		{C347CA09-083A-4BD7-911E-7C3CC9D778D2}.Ad-Hoc|iPhoneSimulator.ActiveCfg = Debug|Any CPU
		{C347CA09-083A-4BD7-911E-7C3CC9D778D2}.Ad-Hoc|iPhoneSimulator.Build.0 = Debug|Any CPU
		{C347CA09-083A-4BD7-911E-7C3CC9D778D2}.AppStore|Any CPU.ActiveCfg = Debug|Any CPU
		{C347CA09-083A-4BD7-911E-7C3CC9D778D2}.AppStore|Any CPU.Build.0 = Debug|Any CPU
		{C347CA09-083A-4BD7-911E-7C3CC9D778D2}.AppStore|iPhone.ActiveCfg = Debug|Any CPU
		{C347CA09-083A-4BD7-911E-7C3CC9D778D2}.AppStore|iPhone.Build.0 = Debug|Any CPU
		{C347CA09-083A-4BD7-911E-7C3CC9D778D2}.AppStore|iPhoneSimulator.ActiveCfg = Debug|Any CPU
		{C347CA09-083A-4BD7-911E-7C3CC9D778D2}.AppStore|iPhoneSimulator.Build.0 = Debug|Any CPU
		{C347CA09-083A-4BD7-911E-7C3CC9D778D2}.Debug|Any CPU.ActiveCfg = Debug|Any CPU
		{C347CA09-083A-4BD7-911E-7C3CC9D778D2}.Debug|Any CPU.Build.0 = Debug|Any CPU
		{C347CA09-083A-4BD7-911E-7C3CC9D778D2}.Debug|iPhone.ActiveCfg = Debug|Any CPU
		{C347CA09-083A-4BD7-911E-7C3CC9D778D2}.Debug|iPhone.Build.0 = Debug|Any CPU
		{C347CA09-083A-4BD7-911E-7C3CC9D778D2}.Debug|iPhoneSimulator.ActiveCfg = Debug|Any CPU
		{C347CA09-083A-4BD7-911E-7C3CC9D778D2}.Debug|iPhoneSimulator.Build.0 = Debug|Any CPU
		{C347CA09-083A-4BD7-911E-7C3CC9D778D2}.Release|Any CPU.ActiveCfg = Release|Any CPU
		{C347CA09-083A-4BD7-911E-7C3CC9D778D2}.Release|Any CPU.Build.0 = Release|Any CPU
		{C347CA09-083A-4BD7-911E-7C3CC9D778D2}.Release|iPhone.ActiveCfg = Release|Any CPU
		{C347CA09-083A-4BD7-911E-7C3CC9D778D2}.Release|iPhone.Build.0 = Release|Any CPU
		{C347CA09-083A-4BD7-911E-7C3CC9D778D2}.Release|iPhoneSimulator.ActiveCfg = Release|Any CPU
		{C347CA09-083A-4BD7-911E-7C3CC9D778D2}.Release|iPhoneSimulator.Build.0 = Release|Any CPU
	EndGlobalSection
	GlobalSection(SolutionProperties) = preSolution
		HideSolutionNode = FALSE
	EndGlobalSection
	GlobalSection(ExtensibilityGlobals) = postSolution
		SolutionGuid = {DEC90756-5144-431F-AE1D-1B40526E432D}
	EndGlobalSection
EndGlobal
